
Microsoft Visual Studio Solution File, Format Version 12.00
# Visual Studio Version 17
VisualStudioVersion = 17.5.33530.505
MinimumVisualStudioVersion = 10.0.40219.1
Project("{9A19103F-16F7-4668-BE54-9A1E7A4F7556}") = "BankListAPI.VsCode", "BankListAPI.VsCode.csproj", "{7C4CD29F-C79F-4769-9702-F2ABFF8C432B}"
EndProject
Project("{FAE04EC0-301F-11D3-BF4B-00C04F79EFBC}") = "BankListAPI.VsCode.Data", "..\BankList.Data\BankListAPI.VsCode.Data.csproj", "{4DDAB088-4D46-4392-A964-5D57F18AA71B}"
EndProject
Project("{FAE04EC0-301F-11D3-BF4B-00C04F79EFBC}") = "BankListAPI.VsCode.Core", "..\BankListAPI.Core\BankListAPI.VsCode.Core.csproj", "{3244E22A-1BDD-4C48-8CA8-12638950930B}"
EndProject
Global
	GlobalSection(SolutionConfigurationPlatforms) = preSolution
		Debug|Any CPU = Debug|Any CPU
		Release|Any CPU = Release|Any CPU
	EndGlobalSection
	GlobalSection(ProjectConfigurationPlatforms) = postSolution
		{7C4CD29F-C79F-4769-9702-F2ABFF8C432B}.Debug|Any CPU.ActiveCfg = Debug|Any CPU
		{7C4CD29F-C79F-4769-9702-F2ABFF8C432B}.Debug|Any CPU.Build.0 = Debug|Any CPU
		{7C4CD29F-C79F-4769-9702-F2ABFF8C432B}.Release|Any CPU.ActiveCfg = Release|Any CPU
		{7C4CD29F-C79F-4769-9702-F2ABFF8C432B}.Release|Any CPU.Build.0 = Release|Any CPU
		{4DDAB088-4D46-4392-A964-5D57F18AA71B}.Debug|Any CPU.ActiveCfg = Debug|Any CPU
		{4DDAB088-4D46-4392-A964-5D57F18AA71B}.Debug|Any CPU.Build.0 = Debug|Any CPU
		{4DDAB088-4D46-4392-A964-5D57F18AA71B}.Release|Any CPU.ActiveCfg = Release|Any CPU
		{4DDAB088-4D46-4392-A964-5D57F18AA71B}.Release|Any CPU.Build.0 = Release|Any CPU
		{3244E22A-1BDD-4C48-8CA8-12638950930B}.Debug|Any CPU.ActiveCfg = Debug|Any CPU
		{3244E22A-1BDD-4C48-8CA8-12638950930B}.Debug|Any CPU.Build.0 = Debug|Any CPU
		{3244E22A-1BDD-4C48-8CA8-12638950930B}.Release|Any CPU.ActiveCfg = Release|Any CPU
		{3244E22A-1BDD-4C48-8CA8-12638950930B}.Release|Any CPU.Build.0 = Release|Any CPU
	EndGlobalSection
	GlobalSection(SolutionProperties) = preSolution
		HideSolutionNode = FALSE
	EndGlobalSection
	GlobalSection(ExtensibilityGlobals) = postSolution
		SolutionGuid = {36CE6B69-BFA9-4976-AC61-213805E17ED2}
	EndGlobalSection
EndGlobal
